{
  "lockfileVersion": 1,
  "configVersion": 1,
  "workspaces": {
    "": {
      "name": "localhost-domains",
    },
    "devhost": {
      "name": "devhost",
      "version": "0.0.0",
      "bin": {
        "devhost": "./bin/devhost.ts",
      },
      "dependencies": {
        "get-port": "^7.2.0",
        "preact": "^10.29.0",
        "zod": "^4.1.12",
      },
    },
    "test": {
      "name": "devhost-test-app",
      "version": "0.0.0",
      "dependencies": {
        "react": "^19.1.1",
        "react-dom": "^19.1.1",
      },
      "devDependencies": {
        "@types/bun": "^1.3.11",
        "@types/react": "^19.2.14",
        "@types/react-dom": "^19.2.3",
        "@typescript/native-preview": "^7.0.0-dev.20260330.1",
        "devhost": "workspace:*",
      },
    },
  },
  "packages": {
    "@types/bun": ["@types/bun@1.3.11", "", { "dependencies": { "bun-types": "1.3.11" } }, "sha512-5vPne5QvtpjGpsGYXiFyycfpDF2ECyPcTSsFBMa0fraoxiQyMJ3SmuQIGhzPg2WJuWxVBoxWJ2kClYTcw/4fAg=="],

    "@types/node": ["@types/node@25.5.0", "", { "dependencies": { "undici-types": "~7.18.0" } }, "sha512-jp2P3tQMSxWugkCUKLRPVUpGaL5MVFwF8RDuSRztfwgN1wmqJeMSbKlnEtQqU8UrhTmzEmZdu2I6v2dpp7XIxw=="],

    "@types/react": ["@types/react@19.2.14", "", { "dependencies": { "csstype": "^3.2.2" } }, "sha512-ilcTH/UniCkMdtexkoCN0bI7pMcJDvmQFPvuPvmEaYA/NSfFTAgdUSLAoVjaRJm7+6PvcM+q1zYOwS4wTYMF9w=="],

    "@types/react-dom": ["@types/react-dom@19.2.3", "", { "peerDependencies": { "@types/react": "^19.2.0" } }, "sha512-jp2L/eY6fn+KgVVQAOqYItbF0VY/YApe5Mz2F0aykSO8gx31bYCZyvSeYxCHKvzHG5eZjc+zyaS5BrBWya2+kQ=="],

    "@typescript/native-preview": ["@typescript/native-preview@7.0.0-dev.20260330.1", "", { "optionalDependencies": { "@typescript/native-preview-darwin-arm64": "7.0.0-dev.20260330.1", "@typescript/native-preview-darwin-x64": "7.0.0-dev.20260330.1", "@typescript/native-preview-linux-arm": "7.0.0-dev.20260330.1", "@typescript/native-preview-linux-arm64": "7.0.0-dev.20260330.1", "@typescript/native-preview-linux-x64": "7.0.0-dev.20260330.1", "@typescript/native-preview-win32-arm64": "7.0.0-dev.20260330.1", "@typescript/native-preview-win32-x64": "7.0.0-dev.20260330.1" }, "bin": { "tsgo": "bin/tsgo.js" } }, "sha512-tyRn6/PAYpkN35bKz2RPfzV/QAACvle9EYlYyywn/p/qPI5yOBLka0zM/2dGKx+o5vHVQ1gr/iVrgW8w7Wqc8Q=="],

    "@typescript/native-preview-darwin-arm64": ["@typescript/native-preview-darwin-arm64@7.0.0-dev.20260330.1", "", { "os": "darwin", "cpu": "arm64" }, "sha512-jX47OX4svh3/CzSDYd81+kELLP5r0+G7lFGiMAVUNpD+ZLmyh/nrkuuI643pGe8D0i9dTfg/aiZQq6d/00Feog=="],

    "@typescript/native-preview-darwin-x64": ["@typescript/native-preview-darwin-x64@7.0.0-dev.20260330.1", "", { "os": "darwin", "cpu": "x64" }, "sha512-JysPTOMnyje+LkdB3LR+Emnl7hJCvMzUVRcOVJyzmxWOMFNCYPWNK3wDdwuoS6jE5Hii9vInt/xtn3pc+kgb+A=="],

    "@typescript/native-preview-linux-arm": ["@typescript/native-preview-linux-arm@7.0.0-dev.20260330.1", "", { "os": "linux", "cpu": "arm" }, "sha512-rVwd9ZgjR8Le6ItUD/p59LCOYdZbi4DZYavXAMzPPpaJCnmdHwOcJFWc61vricsQljRjVBnunQknHfYABZDq9Q=="],

    "@typescript/native-preview-linux-arm64": ["@typescript/native-preview-linux-arm64@7.0.0-dev.20260330.1", "", { "os": "linux", "cpu": "arm64" }, "sha512-9zlw4ENr6HAUNO+OiWuoQpWUGk4lkqb8NUyXDvTqtlgZGvjyePNVy8OW7KlPuPtCaQS3btV7w4h5X1wlTm2bFA=="],

    "@typescript/native-preview-linux-x64": ["@typescript/native-preview-linux-x64@7.0.0-dev.20260330.1", "", { "os": "linux", "cpu": "x64" }, "sha512-7cB4e12e61xaXgJu6N9rMP+6qdkODVsW8zGjVS5a+cobBCsJSdMnlshfitlL9a+BYWe9HseMqPnLcsaE+t22CQ=="],

    "@typescript/native-preview-win32-arm64": ["@typescript/native-preview-win32-arm64@7.0.0-dev.20260330.1", "", { "os": "win32", "cpu": "arm64" }, "sha512-4wv/FX9F5oAQhzjqwL8KN4O5xgciBy5pT2yLP45xcQahxFUoPnQeF9Pz2x/jwXZSmuh8E1DQWX9evSVGA1MV2A=="],

    "@typescript/native-preview-win32-x64": ["@typescript/native-preview-win32-x64@7.0.0-dev.20260330.1", "", { "os": "win32", "cpu": "x64" }, "sha512-zKDOG/nq1yTx3cjfc19VFO+TYK2+03Wc17pGdD+X+dWTj15LZ2PKk3s4OtT2b8siTcAUn7zmwLsMCWPYO7xXQw=="],

    "bun-types": ["bun-types@1.3.11", "", { "dependencies": { "@types/node": "*" } }, "sha512-1KGPpoxQWl9f6wcZh57LvrPIInQMn2TQ7jsgxqpRzg+l0QPOFvJVH7HmvHo/AiPgwXy+/Thf6Ov3EdVn1vOabg=="],

    "csstype": ["csstype@3.2.3", "", {}, "sha512-z1HGKcYy2xA8AGQfwrn0PAy+PB7X/GSj3UVJW9qKyn43xWa+gl5nXmU4qqLMRzWVLFC8KusUX8T/0kCiOYpAIQ=="],

    "devhost": ["devhost@workspace:devhost"],

    "devhost-test-app": ["devhost-test-app@workspace:test"],

    "get-port": ["get-port@7.2.0", "", {}, "sha512-afP4W205ONCuMoPBqcR6PSXnzX35KTcJygfJfcp+QY+uwm3p20p1YczWXhlICIzGMCxYBQcySEcOgsJcrkyobg=="],

    "preact": ["preact@10.29.0", "", {}, "sha512-wSAGyk2bYR1c7t3SZ3jHcM6xy0lcBcDel6lODcs9ME6Th++Dx2KU+6D3HD8wMMKGA8Wpw7OMd3/4RGzYRpzwRg=="],

    "react": ["react@19.2.4", "", {}, "sha512-9nfp2hYpCwOjAN+8TZFGhtWEwgvWHXqESH8qT89AT/lWklpLON22Lc8pEtnpsZz7VmawabSU0gCjnj8aC0euHQ=="],

    "react-dom": ["react-dom@19.2.4", "", { "dependencies": { "scheduler": "^0.27.0" }, "peerDependencies": { "react": "^19.2.4" } }, "sha512-AXJdLo8kgMbimY95O2aKQqsz2iWi9jMgKJhRBAxECE4IFxfcazB2LmzloIoibJI3C12IlY20+KFaLv+71bUJeQ=="],

    "scheduler": ["scheduler@0.27.0", "", {}, "sha512-eNv+WrVbKu1f3vbYJT/xtiF5syA5HPIMtf9IgY/nKg0sWqzAUEvqY/xm7OcZc/qafLx/iO9FgOmeSAp4v5ti/Q=="],

    "undici-types": ["undici-types@7.18.2", "", {}, "sha512-AsuCzffGHJybSaRrmr5eHr81mwJU3kjw6M+uprWvCXiNeN9SOGwQ3Jn8jb8m3Z6izVgknn1R0FTCEAP2QrLY/w=="],

    "zod": ["zod@4.3.6", "", {}, "sha512-rftlrkhHZOcjDwkGlnUtZZkvaPHCsDATp4pGpuOOMDaTdDDXF91wuVDJoWoPsKX/3YPQ5fHuF3STjcYyKr+Qhg=="],
  }
}
